Microsoft Visual Studio Solution File, Format Version 12.00
# Visual Studio Version 17
VisualStudioVersion = 17.5.2.0
MinimumVisualStudioVersion = 10.0.40219.1
Project("{FAE04EC0-301F-11D3-BF4B-00C04F79EFBC}") = "WakeMeUp", "Backend\WakeMeUp.csproj", "{DB82703F-155C-0B6C-24E8-B1BA8248739C}"
EndProject
Global
	GlobalSection(SolutionConfigurationPlatforms) = preSolution
		Debug|Any CPU = Debug|Any CPU
		Release|Any CPU = Release|Any CPU
	EndGlobalSection
	GlobalSection(ProjectConfigurationPlatforms) = postSolution
		{DB82703F-155C-0B6C-24E8-B1BA8248739C}.Debug|Any CPU.ActiveCfg = Debug|Any CPU
		{DB82703F-155C-0B6C-24E8-B1BA8248739C}.Debug|Any CPU.Build.0 = Debug|Any CPU
		{DB82703F-155C-0B6C-24E8-B1BA8248739C}.Release|Any CPU.ActiveCfg = Release|Any CPU
		{DB82703F-155C-0B6C-24E8-B1BA8248739C}.Release|Any CPU.Build.0 = Release|Any CPU
	EndGlobalSection
	GlobalSection(SolutionProperties) = preSolution
		HideSolutionNode = FALSE
	EndGlobalSection
	GlobalSection(ExtensibilityGlobals) = postSolution
		SolutionGuid = {5020C17E-E471-498F-8A50-FBA7A6810283}
	EndGlobalSection
EndGlobal
